
Microsoft Visual Studio Solution File, Format Version 12.00
# Visual Studio Version 16
VisualStudioVersion = 16.0.30114.105
MinimumVisualStudioVersion = 10.0.40219.1
Project("{FAE04EC0-301F-11D3-BF4B-00C04F79EFBC}") = "BuildingBlocks.Abstractions", "src\BuildingBlocks.Abstractions\BuildingBlocks.Abstractions.csproj", "{2CA4C25C-2814-418E-83D9-AA9608846D38}"
EndProject
Project("{2150E333-8FDC-42A3-9474-1A3956D46DE8}") = "src", "src", "{B7E585AB-053C-44FD-9EEA-6C4FB9C34663}"
EndProject
Project("{FAE04EC0-301F-11D3-BF4B-00C04F79EFBC}") = "BuildingBlocks.Caching.InMemory", "src\BuildingBlocks.Caching.InMemory\BuildingBlocks.Caching.InMemory.csproj", "{A4B66634-CA54-4AA8-B187-FA7B1015EEE3}"
EndProject
Project("{FAE04EC0-301F-11D3-BF4B-00C04F79EFBC}") = "BuildingBlocks.Core", "src\BuildingBlocks.Core\BuildingBlocks.Core.csproj", "{AF95CFDC-E8FE-42A3-8677-493EF5D5BEC7}"
EndProject
Project("{FAE04EC0-301F-11D3-BF4B-00C04F79EFBC}") = "BuildingBlocks.Email", "src\BuildingBlocks.Email\BuildingBlocks.Email.csproj", "{CEF1B089-641F-4FCB-9A43-D05E611FC2E1}"
EndProject
Project("{FAE04EC0-301F-11D3-BF4B-00C04F79EFBC}") = "BuildingBlocks.Integration.MassTransit", "src\BuildingBlocks.Integration.MassTransit\BuildingBlocks.Integration.MassTransit.csproj", "{0D858E8E-64AC-4CCA-99B4-E641B0074294}"
EndProject
Project("{FAE04EC0-301F-11D3-BF4B-00C04F79EFBC}") = "BuildingBlocks.Logging", "src\BuildingBlocks.Logging\BuildingBlocks.Logging.csproj", "{0027524F-E972-4364-9F6E-B711D064E38A}"
EndProject
Project("{FAE04EC0-301F-11D3-BF4B-00C04F79EFBC}") = "BuildingBlocks.Messaging.Persistence.Postgres", "src\BuildingBlocks.Messaging.Persistence.Postgres\BuildingBlocks.Messaging.Persistence.Postgres.csproj", "{62D012E5-AD19-426E-A3E0-777C4CCB04DC}"
EndProject
Project("{FAE04EC0-301F-11D3-BF4B-00C04F79EFBC}") = "BuildingBlocks.Monitoring", "src\BuildingBlocks.Monitoring\BuildingBlocks.Monitoring.csproj", "{59AFB0E2-3B50-4AB4-AF1A-B9FFDC68FD11}"
EndProject
Project("{FAE04EC0-301F-11D3-BF4B-00C04F79EFBC}") = "BuildingBlocks.Persistence.EfCore.Postgres", "src\BuildingBlocks.Persistence.EfCore.Postgres\BuildingBlocks.Persistence.EfCore.Postgres.csproj", "{D1EB0F92-44AB-4CA3-8D49-61FF479265E7}"
EndProject
Project("{FAE04EC0-301F-11D3-BF4B-00C04F79EFBC}") = "BuildingBlocks.Persistence.Mongo", "src\BuildingBlocks.Persistence.Mongo\BuildingBlocks.Persistence.Mongo.csproj", "{0CE43810-39ED-4F33-91B1-FD7EF368FCD8}"
EndProject
Project("{FAE04EC0-301F-11D3-BF4B-00C04F79EFBC}") = "BuildingBlocks.Resiliency", "src\BuildingBlocks.Resiliency\BuildingBlocks.Resiliency.csproj", "{0640E432-B3AA-4159-BC18-01A2A23852B7}"
EndProject
Project("{FAE04EC0-301F-11D3-BF4B-00C04F79EFBC}") = "BuildingBlocks.Security", "src\BuildingBlocks.Security\BuildingBlocks.Security.csproj", "{E979BF10-DB5E-4C65-A463-47035DFEA0ED}"
EndProject
Project("{FAE04EC0-301F-11D3-BF4B-00C04F79EFBC}") = "BuildingBlocks.Swagger", "src\BuildingBlocks.Swagger\BuildingBlocks.Swagger.csproj", "{BA158AC3-33B1-4AAC-B772-849FD358BC08}"
EndProject
Project("{FAE04EC0-301F-11D3-BF4B-00C04F79EFBC}") = "BuildingBlocks.Validation", "src\BuildingBlocks.Validation\BuildingBlocks.Validation.csproj", "{AF8A88CE-CA2D-4F2B-BF53-3F062D0DA668}"
EndProject
Project("{FAE04EC0-301F-11D3-BF4B-00C04F79EFBC}") = "BuildingBlocks.Web", "src\BuildingBlocks.Web\BuildingBlocks.Web.csproj", "{43CD09F1-D675-4BCE-80F4-C03EAD28BD5C}"
EndProject
Project("{2150E333-8FDC-42A3-9474-1A3956D46DE8}") = "tests", "tests", "{BC5529E9-3C32-4AB1-A5F2-3B4987C6B24C}"
EndProject
Project("{FAE04EC0-301F-11D3-BF4B-00C04F79EFBC}") = "Tests.Shared", "tests\Tests.Shared\Tests.Shared.csproj", "{29B26B21-29DE-41A9-A345-D8276E24F714}"
EndProject
Global
	GlobalSection(SolutionConfigurationPlatforms) = preSolution
		Debug|Any CPU = Debug|Any CPU
		Release|Any CPU = Release|Any CPU
	EndGlobalSection
	GlobalSection(SolutionProperties) = preSolution
		HideSolutionNode = FALSE
	EndGlobalSection
	GlobalSection(ProjectConfigurationPlatforms) = postSolution
		{2CA4C25C-2814-418E-83D9-AA9608846D38}.Debug|Any CPU.ActiveCfg = Debug|Any CPU
		{2CA4C25C-2814-418E-83D9-AA9608846D38}.Debug|Any CPU.Build.0 = Debug|Any CPU
		{2CA4C25C-2814-418E-83D9-AA9608846D38}.Release|Any CPU.ActiveCfg = Release|Any CPU
		{2CA4C25C-2814-418E-83D9-AA9608846D38}.Release|Any CPU.Build.0 = Release|Any CPU
		{A4B66634-CA54-4AA8-B187-FA7B1015EEE3}.Debug|Any CPU.ActiveCfg = Debug|Any CPU
		{A4B66634-CA54-4AA8-B187-FA7B1015EEE3}.Debug|Any CPU.Build.0 = Debug|Any CPU
		{A4B66634-CA54-4AA8-B187-FA7B1015EEE3}.Release|Any CPU.ActiveCfg = Release|Any CPU
		{A4B66634-CA54-4AA8-B187-FA7B1015EEE3}.Release|Any CPU.Build.0 = Release|Any CPU
		{AF95CFDC-E8FE-42A3-8677-493EF5D5BEC7}.Debug|Any CPU.ActiveCfg = Debug|Any CPU
		{AF95CFDC-E8FE-42A3-8677-493EF5D5BEC7}.Debug|Any CPU.Build.0 = Debug|Any CPU
		{AF95CFDC-E8FE-42A3-8677-493EF5D5BEC7}.Release|Any CPU.ActiveCfg = Release|Any CPU
		{AF95CFDC-E8FE-42A3-8677-493EF5D5BEC7}.Release|Any CPU.Build.0 = Release|Any CPU
		{CEF1B089-641F-4FCB-9A43-D05E611FC2E1}.Debug|Any CPU.ActiveCfg = Debug|Any CPU
		{CEF1B089-641F-4FCB-9A43-D05E611FC2E1}.Debug|Any CPU.Build.0 = Debug|Any CPU
		{CEF1B089-641F-4FCB-9A43-D05E611FC2E1}.Release|Any CPU.ActiveCfg = Release|Any CPU
		{CEF1B089-641F-4FCB-9A43-D05E611FC2E1}.Release|Any CPU.Build.0 = Release|Any CPU
		{0D858E8E-64AC-4CCA-99B4-E641B0074294}.Debug|Any CPU.ActiveCfg = Debug|Any CPU
		{0D858E8E-64AC-4CCA-99B4-E641B0074294}.Debug|Any CPU.Build.0 = Debug|Any CPU
		{0D858E8E-64AC-4CCA-99B4-E641B0074294}.Release|Any CPU.ActiveCfg = Release|Any CPU
		{0D858E8E-64AC-4CCA-99B4-E641B0074294}.Release|Any CPU.Build.0 = Release|Any CPU
		{0027524F-E972-4364-9F6E-B711D064E38A}.Debug|Any CPU.ActiveCfg = Debug|Any CPU
		{0027524F-E972-4364-9F6E-B711D064E38A}.Debug|Any CPU.Build.0 = Debug|Any CPU
		{0027524F-E972-4364-9F6E-B711D064E38A}.Release|Any CPU.ActiveCfg = Release|Any CPU
		{0027524F-E972-4364-9F6E-B711D064E38A}.Release|Any CPU.Build.0 = Release|Any CPU
		{62D012E5-AD19-426E-A3E0-777C4CCB04DC}.Debug|Any CPU.ActiveCfg = Debug|Any CPU
		{62D012E5-AD19-426E-A3E0-777C4CCB04DC}.Debug|Any CPU.Build.0 = Debug|Any CPU
		{62D012E5-AD19-426E-A3E0-777C4CCB04DC}.Release|Any CPU.ActiveCfg = Release|Any CPU
		{62D012E5-AD19-426E-A3E0-777C4CCB04DC}.Release|Any CPU.Build.0 = Release|Any CPU
		{59AFB0E2-3B50-4AB4-AF1A-B9FFDC68FD11}.Debug|Any CPU.ActiveCfg = Debug|Any CPU
		{59AFB0E2-3B50-4AB4-AF1A-B9FFDC68FD11}.Debug|Any CPU.Build.0 = Debug|Any CPU
		{59AFB0E2-3B50-4AB4-AF1A-B9FFDC68FD11}.Release|Any CPU.ActiveCfg = Release|Any CPU
		{59AFB0E2-3B50-4AB4-AF1A-B9FFDC68FD11}.Release|Any CPU.Build.0 = Release|Any CPU
		{D1EB0F92-44AB-4CA3-8D49-61FF479265E7}.Debug|Any CPU.ActiveCfg = Debug|Any CPU
		{D1EB0F92-44AB-4CA3-8D49-61FF479265E7}.Debug|Any CPU.Build.0 = Debug|Any CPU
		{D1EB0F92-44AB-4CA3-8D49-61FF479265E7}.Release|Any CPU.ActiveCfg = Release|Any CPU
		{D1EB0F92-44AB-4CA3-8D49-61FF479265E7}.Release|Any CPU.Build.0 = Release|Any CPU
		{0CE43810-39ED-4F33-91B1-FD7EF368FCD8}.Debug|Any CPU.ActiveCfg = Debug|Any CPU
		{0CE43810-39ED-4F33-91B1-FD7EF368FCD8}.Debug|Any CPU.Build.0 = Debug|Any CPU
		{0CE43810-39ED-4F33-91B1-FD7EF368FCD8}.Release|Any CPU.ActiveCfg = Release|Any CPU
		{0CE43810-39ED-4F33-91B1-FD7EF368FCD8}.Release|Any CPU.Build.0 = Release|Any CPU
		{0640E432-B3AA-4159-BC18-01A2A23852B7}.Debug|Any CPU.ActiveCfg = Debug|Any CPU
		{0640E432-B3AA-4159-BC18-01A2A23852B7}.Debug|Any CPU.Build.0 = Debug|Any CPU
		{0640E432-B3AA-4159-BC18-01A2A23852B7}.Release|Any CPU.ActiveCfg = Release|Any CPU
		{0640E432-B3AA-4159-BC18-01A2A23852B7}.Release|Any CPU.Build.0 = Release|Any CPU
		{E979BF10-DB5E-4C65-A463-47035DFEA0ED}.Debug|Any CPU.ActiveCfg = Debug|Any CPU
		{E979BF10-DB5E-4C65-A463-47035DFEA0ED}.Debug|Any CPU.Build.0 = Debug|Any CPU
		{E979BF10-DB5E-4C65-A463-47035DFEA0ED}.Release|Any CPU.ActiveCfg = Release|Any CPU
		{E979BF10-DB5E-4C65-A463-47035DFEA0ED}.Release|Any CPU.Build.0 = Release|Any CPU
		{BA158AC3-33B1-4AAC-B772-849FD358BC08}.Debug|Any CPU.ActiveCfg = Debug|Any CPU
		{BA158AC3-33B1-4AAC-B772-849FD358BC08}.Debug|Any CPU.Build.0 = Debug|Any CPU
		{BA158AC3-33B1-4AAC-B772-849FD358BC08}.Release|Any CPU.ActiveCfg = Release|Any CPU
		{BA158AC3-33B1-4AAC-B772-849FD358BC08}.Release|Any CPU.Build.0 = Release|Any CPU
		{AF8A88CE-CA2D-4F2B-BF53-3F062D0DA668}.Debug|Any CPU.ActiveCfg = Debug|Any CPU
		{AF8A88CE-CA2D-4F2B-BF53-3F062D0DA668}.Debug|Any CPU.Build.0 = Debug|Any CPU
		{AF8A88CE-CA2D-4F2B-BF53-3F062D0DA668}.Release|Any CPU.ActiveCfg = Release|Any CPU
		{AF8A88CE-CA2D-4F2B-BF53-3F062D0DA668}.Release|Any CPU.Build.0 = Release|Any CPU
		{43CD09F1-D675-4BCE-80F4-C03EAD28BD5C}.Debug|Any CPU.ActiveCfg = Debug|Any CPU
		{43CD09F1-D675-4BCE-80F4-C03EAD28BD5C}.Debug|Any CPU.Build.0 = Debug|Any CPU
		{43CD09F1-D675-4BCE-80F4-C03EAD28BD5C}.Release|Any CPU.ActiveCfg = Release|Any CPU
		{43CD09F1-D675-4BCE-80F4-C03EAD28BD5C}.Release|Any CPU.Build.0 = Release|Any CPU
		{29B26B21-29DE-41A9-A345-D8276E24F714}.Debug|Any CPU.ActiveCfg = Debug|Any CPU
		{29B26B21-29DE-41A9-A345-D8276E24F714}.Debug|Any CPU.Build.0 = Debug|Any CPU
		{29B26B21-29DE-41A9-A345-D8276E24F714}.Release|Any CPU.ActiveCfg = Release|Any CPU
		{29B26B21-29DE-41A9-A345-D8276E24F714}.Release|Any CPU.Build.0 = Release|Any CPU
	EndGlobalSection
	GlobalSection(NestedProjects) = preSolution
		{2CA4C25C-2814-418E-83D9-AA9608846D38} = {B7E585AB-053C-44FD-9EEA-6C4FB9C34663}
		{A4B66634-CA54-4AA8-B187-FA7B1015EEE3} = {B7E585AB-053C-44FD-9EEA-6C4FB9C34663}
		{AF95CFDC-E8FE-42A3-8677-493EF5D5BEC7} = {B7E585AB-053C-44FD-9EEA-6C4FB9C34663}
		{CEF1B089-641F-4FCB-9A43-D05E611FC2E1} = {B7E585AB-053C-44FD-9EEA-6C4FB9C34663}
		{0D858E8E-64AC-4CCA-99B4-E641B0074294} = {B7E585AB-053C-44FD-9EEA-6C4FB9C34663}
		{0027524F-E972-4364-9F6E-B711D064E38A} = {B7E585AB-053C-44FD-9EEA-6C4FB9C34663}
		{62D012E5-AD19-426E-A3E0-777C4CCB04DC} = {B7E585AB-053C-44FD-9EEA-6C4FB9C34663}
		{59AFB0E2-3B50-4AB4-AF1A-B9FFDC68FD11} = {B7E585AB-053C-44FD-9EEA-6C4FB9C34663}
		{D1EB0F92-44AB-4CA3-8D49-61FF479265E7} = {B7E585AB-053C-44FD-9EEA-6C4FB9C34663}
		{0CE43810-39ED-4F33-91B1-FD7EF368FCD8} = {B7E585AB-053C-44FD-9EEA-6C4FB9C34663}
		{0640E432-B3AA-4159-BC18-01A2A23852B7} = {B7E585AB-053C-44FD-9EEA-6C4FB9C34663}
		{E979BF10-DB5E-4C65-A463-47035DFEA0ED} = {B7E585AB-053C-44FD-9EEA-6C4FB9C34663}
		{BA158AC3-33B1-4AAC-B772-849FD358BC08} = {B7E585AB-053C-44FD-9EEA-6C4FB9C34663}
		{AF8A88CE-CA2D-4F2B-BF53-3F062D0DA668} = {B7E585AB-053C-44FD-9EEA-6C4FB9C34663}
		{43CD09F1-D675-4BCE-80F4-C03EAD28BD5C} = {B7E585AB-053C-44FD-9EEA-6C4FB9C34663}
		{29B26B21-29DE-41A9-A345-D8276E24F714} = {BC5529E9-3C32-4AB1-A5F2-3B4987C6B24C}
	EndGlobalSection
EndGlobal
